// !$*UTF8*$!
{
	archiveVersion = 1;
	classes = {
	};
	objectVersion = 56;
	objects = {

/* Begin PBXBuildFile section */
		BC912BEC2BA916E4008EB18B /* ObservationMemoryLeakApp.swift in Sources */ = {isa = PBXBuildFile; fileRef = BC912BEB2BA916E4008EB18B /* ObservationMemoryLeakApp.swift */; };
		BC912BEE2BA916E4008EB18B /* ContentView.swift in Sources */ = {isa = PBXBuildFile; fileRef = BC912BED2BA916E4008EB18B /* ContentView.swift */; };
		BC912BF02BA916E5008EB18B /* Assets.xcassets in Resources */ = {isa = PBXBuildFile; fileRef = BC912BEF2BA916E5008EB18B /* Assets.xcassets */; };
		BC912BF32BA916E5008EB18B /* Preview Assets.xcassets in Resources */ = {isa = PBXBuildFile; fileRef = BC912BF22BA916E5008EB18B /* Preview Assets.xcassets */; };
		BC912BFB2BA9174B008EB18B /* Perception in Frameworks */ = {isa = PBXBuildFile; productRef = BC912BFA2BA9174B008EB18B /* Perception */; };
		BC912BFD2BA917CF008EB18B /* ObservationExampleView.swift in Sources */ = {isa = PBXBuildFile; fileRef = BC912BFC2BA917CF008EB18B /* ObservationExampleView.swift */; };
		BC912BFF2BA917D9008EB18B /* PerceptionExampleView.swift in Sources */ = {isa = PBXBuildFile; fileRef = BC912BFE2BA917D9008EB18B /* PerceptionExampleView.swift */; };
		BC912C012BA91883008EB18B /* PlainModel.swift in Sources */ = {isa = PBXBuildFile; fileRef = BC912C002BA91883008EB18B /* PlainModel.swift */; };
/* End PBXBuildFile section */

/* Begin PBXFileReference section */
		BC912BE82BA916E4008EB18B /* ObservationMemoryLeak.app */ = {isa = PBXFileReference; explicitFileType = wrapper.application; includeInIndex = 0; path = ObservationMemoryLeak.app; sourceTree = BUILT_PRODUCTS_DIR; };
		BC912BEB2BA916E4008EB18B /* ObservationMemoryLeakApp.swift */ = {isa = PBXFileReference; lastKnownFileType = sourcecode.swift; path = ObservationMemoryLeakApp.swift; sourceTree = "<group>"; };
		BC912BED2BA916E4008EB18B /* ContentView.swift */ = {isa = PBXFileReference; indentWidth = 2; lastKnownFileType = sourcecode.swift; path = ContentView.swift; sourceTree = "<group>"; tabWidth = 2; };
		BC912BEF2BA916E5008EB18B /* Assets.xcassets */ = {isa = PBXFileReference; lastKnownFileType = folder.assetcatalog; path = Assets.xcassets; sourceTree = "<group>"; };
		BC912BF22BA916E5008EB18B /* Preview Assets.xcassets */ = {isa = PBXFileReference; lastKnownFileType = folder.assetcatalog; path = "Preview Assets.xcassets"; sourceTree = "<group>"; };
		BC912BFC2BA917CF008EB18B /* ObservationExampleView.swift */ = {isa = PBXFileReference; lastKnownFileType = sourcecode.swift; path = ObservationExampleView.swift; sourceTree = "<group>"; };
		BC912BFE2BA917D9008EB18B /* PerceptionExampleView.swift */ = {isa = PBXFileReference; lastKnownFileType = sourcecode.swift; path = PerceptionExampleView.swift; sourceTree = "<group>"; };
		BC912C002BA91883008EB18B /* PlainModel.swift */ = {isa = PBXFileReference; lastKnownFileType = sourcecode.swift; path = PlainModel.swift; sourceTree = "<group>"; };
/* End PBXFileReference section */

/* Begin PBXFrameworksBuildPhase section */
		BC912BE52BA916E4008EB18B /* Frameworks */ = {
			isa = PBXFrameworksBuildPhase;
			buildActionMask = 2147483647;
			files = (
				BC912BFB2BA9174B008EB18B /* Perception in Frameworks */,
			);
			runOnlyForDeploymentPostprocessing = 0;
		};
/* End PBXFrameworksBuildPhase section */

/* Begin PBXGroup section */
		BC912BDF2BA916E4008EB18B = {
			isa = PBXGroup;
			children = (
				BC912BEA2BA916E4008EB18B /* ObservationMemoryLeak */,
				BC912BE92BA916E4008EB18B /* Products */,
			);
			indentWidth = 2;
			sourceTree = "<group>";
			tabWidth = 2;
		};
		BC912BE92BA916E4008EB18B /* Products */ = {
			isa = PBXGroup;
			children = (
				BC912BE82BA916E4008EB18B /* ObservationMemoryLeak.app */,
			);
			name = Products;
			sourceTree = "<group>";
		};
		BC912BEA2BA916E4008EB18B /* ObservationMemoryLeak */ = {
			isa = PBXGroup;
			children = (
				BC912BEB2BA916E4008EB18B /* ObservationMemoryLeakApp.swift */,
				BC912BED2BA916E4008EB18B /* ContentView.swift */,
				BC912BFE2BA917D9008EB18B /* PerceptionExampleView.swift */,
				BC912BFC2BA917CF008EB18B /* ObservationExampleView.swift */,
				BC912C002BA91883008EB18B /* PlainModel.swift */,
				BC912BEF2BA916E5008EB18B /* Assets.xcassets */,
				BC912BF12BA916E5008EB18B /* Preview Content */,
			);
			path = ObservationMemoryLeak;
			sourceTree = "<group>";
		};
		BC912BF12BA916E5008EB18B /* Preview Content */ = {
			isa = PBXGroup;
			children = (
				BC912BF22BA916E5008EB18B /* Preview Assets.xcassets */,
			);
			path = "Preview Content";
			sourceTree = "<group>";
		};
/* End PBXGroup section */

/* Begin PBXNativeTarget section */
		BC912BE72BA916E4008EB18B /* ObservationMemoryLeak */ = {
			isa = PBXNativeTarget;
			buildConfigurationList = BC912BF62BA916E5008EB18B /* Build configuration list for PBXNativeTarget "ObservationMemoryLeak" */;
			buildPhases = (
				BC912BE42BA916E4008EB18B /* Sources */,
				BC912BE52BA916E4008EB18B /* Frameworks */,
				BC912BE62BA916E4008EB18B /* Resources */,
			);
			buildRules = (
			);
			dependencies = (
			);
			name = ObservationMemoryLeak;
			packageProductDependencies = (
				BC912BFA2BA9174B008EB18B /* Perception */,
			);
			productName = ObservationMemoryLeak;
			productReference = BC912BE82BA916E4008EB18B /* ObservationMemoryLeak.app */;
			productType = "com.apple.product-type.application";
		};
/* End PBXNativeTarget section */

/* Begin PBXProject section */
		BC912BE02BA916E4008EB18B /* Project object */ = {
			isa = PBXProject;
			attributes = {
				BuildIndependentTargetsInParallel = 1;
				LastSwiftUpdateCheck = 1500;
				LastUpgradeCheck = 1500;
				TargetAttributes = {
					BC912BE72BA916E4008EB18B = {
						CreatedOnToolsVersion = 15.0.1;
					};
				};
			};
			buildConfigurationList = BC912BE32BA916E4008EB18B /* Build configuration list for PBXProject "ObservationMemoryLeak" */;
			compatibilityVersion = "Xcode 14.0";
			developmentRegion = en;
			hasScannedForEncodings = 0;
			knownRegions = (
				en,
				Base,
			);
			mainGroup = BC912BDF2BA916E4008EB18B;
			packageReferences = (
				BC912BF92BA9174B008EB18B /* XCRemoteSwiftPackageReference "swift-perception" */,
			);
			productRefGroup = BC912BE92BA916E4008EB18B /* Products */;
			projectDirPath = "";
			projectRoot = "";
			targets = (
				BC912BE72BA916E4008EB18B /* ObservationMemoryLeak */,
			);
		};
/* End PBXProject section */

/* Begin PBXResourcesBuildPhase section */
		BC912BE62BA916E4008EB18B /* Resources */ = {
			isa = PBXResourcesBuildPhase;
			buildActionMask = 2147483647;
			files = (
				BC912BF32BA916E5008EB18B /* Preview Assets.xcassets in Resources */,
				BC912BF02BA916E5008EB18B /* Assets.xcassets in Resources */,
			);
			runOnlyForDeploymentPostprocessing = 0;
		};
/* End PBXResourcesBuildPhase section */

/* Begin PBXSourcesBuildPhase section */
		BC912BE42BA916E4008EB18B /* Sources */ = {
			isa = PBXSourcesBuildPhase;
			buildActionMask = 2147483647;
			files = (
				BC912BEE2BA916E4008EB18B /* ContentView.swift in Sources */,
				BC912C012BA91883008EB18B /* PlainModel.swift in Sources */,
				BC912BEC2BA916E4008EB18B /* ObservationMemoryLeakApp.swift in Sources */,
				BC912BFF2BA917D9008EB18B /* PerceptionExampleView.swift in Sources */,
				BC912BFD2BA917CF008EB18B /* ObservationExampleView.swift in Sources */,
			);
			runOnlyForDeploymentPostprocessing = 0;
		};
/* End PBXSourcesBuildPhase section */

/* Begin XCBuildConfiguration section */
		BC912BF42BA916E5008EB18B /* Debug */ = {
			isa = XCBuildConfiguration;
			buildSettings = {
				ALWAYS_SEARCH_USER_PATHS = NO;
				ASSETCATALOG_COMPILER_GENERATE_SWIFT_ASSET_SYMBOL_EXTENSIONS = YES;
				CLANG_ANALYZER_NONNULL = YES;
				CLANG_ANALYZER_NUMBER_OBJECT_CONVERSION = YES_AGGRESSIVE;
				CLANG_CXX_LANGUAGE_STANDARD = "gnu++20";
				CLANG_ENABLE_MODULES = YES;
				CLANG_ENABLE_OBJC_ARC = YES;
				CLANG_ENABLE_OBJC_WEAK = YES;
				CLANG_WARN_BLOCK_CAPTURE_AUTORELEASING = YES;
				CLANG_WARN_BOOL_CONVERSION = YES;
				CLANG_WARN_COMMA = YES;
				CLANG_WARN_CONSTANT_CONVERSION = YES;
				CLANG_WARN_DEPRECATED_OBJC_IMPLEMENTATIONS = YES;
				CLANG_WARN_DIRECT_OBJC_ISA_USAGE = YES_ERROR;
				CLANG_WARN_DOCUMENTATION_COMMENTS = YES;
				CLANG_WARN_EMPTY_BODY = YES;
				CLANG_WARN_ENUM_CONVERSION = YES;
				CLANG_WARN_INFINITE_RECURSION = YES;
				CLANG_WARN_INT_CONVERSION = YES;
				CLANG_WARN_NON_LITERAL_NULL_CONVERSION = YES;
				CLANG_WARN_OBJC_IMPLICIT_RETAIN_SELF = YES;
				CLANG_WARN_OBJC_LITERAL_CONVERSION = YES;
				CLANG_WARN_OBJC_ROOT_CLASS = YES_ERROR;
				CLANG_WARN_QUOTED_INCLUDE_IN_FRAMEWORK_HEADER = YES;
				CLANG_WARN_RANGE_LOOP_ANALYSIS = YES;
				CLANG_WARN_STRICT_PROTOTYPES = YES;
				CLANG_WARN_SUSPICIOUS_MOVE = YES;
				CLANG_WARN_UNGUARDED_AVAILABILITY = YES_AGGRESSIVE;
				CLANG_WARN_UNREACHABLE_CODE = YES;
				CLANG_WARN__DUPLICATE_METHOD_MATCH = YES;
				COPY_PHASE_STRIP = NO;
				DEBUG_INFORMATION_FORMAT = dwarf;
				ENABLE_STRICT_OBJC_MSGSEND = YES;
				ENABLE_TESTABILITY = YES;
				ENABLE_USER_SCRIPT_SANDBOXING = YES;
				GCC_C_LANGUAGE_STANDARD = gnu17;
				GCC_DYNAMIC_NO_PIC = NO;
				GCC_NO_COMMON_BLOCKS = YES;
				GCC_OPTIMIZATION_LEVEL = 0;
				GCC_PREPROCESSOR_DEFINITIONS = (
					"DEBUG=1",
					"$(inherited)",
				);
				GCC_WARN_64_TO_32_BIT_CONVERSION = YES;
				GCC_WARN_ABOUT_RETURN_TYPE = YES_ERROR;
				GCC_WARN_UNDECLARED_SELECTOR = YES;
				GCC_WARN_UNINITIALIZED_AUTOS = YES_AGGRESSIVE;
				GCC_WARN_UNUSED_FUNCTION = YES;
				GCC_WARN_UNUSED_VARIABLE = YES;
				IPHONEOS_DEPLOYMENT_TARGET = 17.0;
				LOCALIZATION_PREFERS_STRING_CATALOGS = YES;
				MTL_ENABLE_DEBUG_INFO = INCLUDE_SOURCE;
				MTL_FAST_MATH = YES;
				ONLY_ACTIVE_ARCH = YES;
				SDKROOT = iphoneos;
				SWIFT_ACTIVE_COMPILATION_CONDITIONS = "DEBUG $(inherited)";
				SWIFT_OPTIMIZATION_LEVEL = "-Onone";
			};
			name = Debug;
		};
		BC912BF52BA916E5008EB18B /* Release */ = {
			isa = XCBuildConfiguration;
			buildSettings = {
				ALWAYS_SEARCH_USER_PATHS = NO;
				ASSETCATALOG_COMPILER_GENERATE_SWIFT_ASSET_SYMBOL_EXTENSIONS = YES;
				CLANG_ANALYZER_NONNULL = YES;
				CLANG_ANALYZER_NUMBER_OBJECT_CONVERSION = YES_AGGRESSIVE;
				CLANG_CXX_LANGUAGE_STANDARD = "gnu++20";
				CLANG_ENABLE_MODULES = YES;
				CLANG_ENABLE_OBJC_ARC = YES;
				CLANG_ENABLE_OBJC_WEAK = YES;
				CLANG_WARN_BLOCK_CAPTURE_AUTORELEASING = YES;
				CLANG_WARN_BOOL_CONVERSION = YES;
				CLANG_WARN_COMMA = YES;
				CLANG_WARN_CONSTANT_CONVERSION = YES;
				CLANG_WARN_DEPRECATED_OBJC_IMPLEMENTATIONS = YES;
				CLANG_WARN_DIRECT_OBJC_ISA_USAGE = YES_ERROR;
				CLANG_WARN_DOCUMENTATION_COMMENTS = YES;
				CLANG_WARN_EMPTY_BODY = YES;
				CLANG_WARN_ENUM_CONVERSION = YES;
				CLANG_WARN_INFINITE_RECURSION = YES;
				CLANG_WARN_INT_CONVERSION = YES;
				CLANG_WARN_NON_LITERAL_NULL_CONVERSION = YES;
				CLANG_WARN_OBJC_IMPLICIT_RETAIN_SELF = YES;
				CLANG_WARN_OBJC_LITERAL_CONVERSION = YES;
				CLANG_WARN_OBJC_ROOT_CLASS = YES_ERROR;
				CLANG_WARN_QUOTED_INCLUDE_IN_FRAMEWORK_HEADER = YES;
				CLANG_WARN_RANGE_LOOP_ANALYSIS = YES;
				CLANG_WARN_STRICT_PROTOTYPES = YES;
				CLANG_WARN_SUSPICIOUS_MOVE = YES;
				CLANG_WARN_UNGUARDED_AVAILABILITY = YES_AGGRESSIVE;
				CLANG_WARN_UNREACHABLE_CODE = YES;
				CLANG_WARN__DUPLICATE_METHOD_MATCH = YES;
				COPY_PHASE_STRIP = NO;
				DEBUG_INFORMATION_FORMAT = "dwarf-with-dsym";
				ENABLE_NS_ASSERTIONS = NO;
				ENABLE_STRICT_OBJC_MSGSEND = YES;
				ENABLE_USER_SCRIPT_SANDBOXING = YES;
				GCC_C_LANGUAGE_STANDARD = gnu17;
				GCC_NO_COMMON_BLOCKS = YES;
				GCC_WARN_64_TO_32_BIT_CONVERSION = YES;
				GCC_WARN_ABOUT_RETURN_TYPE = YES_ERROR;
				GCC_WARN_UNDECLARED_SELECTOR = YES;
				GCC_WARN_UNINITIALIZED_AUTOS = YES_AGGRESSIVE;
				GCC_WARN_UNUSED_FUNCTION = YES;
				GCC_WARN_UNUSED_VARIABLE = YES;
				IPHONEOS_DEPLOYMENT_TARGET = 17.0;
				LOCALIZATION_PREFERS_STRING_CATALOGS = YES;
				MTL_ENABLE_DEBUG_INFO = NO;
				MTL_FAST_MATH = YES;
				SDKROOT = iphoneos;
				SWIFT_COMPILATION_MODE = wholemodule;
				VALIDATE_PRODUCT = YES;
			};
			name = Release;
		};
		BC912BF72BA916E5008EB18B /* Debug */ = {
			isa = XCBuildConfiguration;
			buildSettings = {
				ASSETCATALOG_COMPILER_APPICON_NAME = AppIcon;
				ASSETCATALOG_COMPILER_GLOBAL_ACCENT_COLOR_NAME = AccentColor;
				CODE_SIGN_STYLE = Automatic;
				CURRENT_PROJECT_VERSION = 1;
				DEVELOPMENT_ASSET_PATHS = "\"ObservationMemoryLeak/Preview Content\"";
				DEVELOPMENT_TEAM = "";
				ENABLE_PREVIEWS = YES;
				GENERATE_INFOPLIST_FILE = YES;
				INFOPLIST_KEY_UIApplicationSceneManifest_Generation = YES;
				INFOPLIST_KEY_UIApplicationSupportsIndirectInputEvents = YES;
				INFOPLIST_KEY_UILaunchScreen_Generation = YES;
				INFOPLIST_KEY_UISupportedInterfaceOrientations_iPad = "UIInterfaceOrientationPortrait UIInterfaceOrientationPortraitUpsideDown UIInterfaceOrientationLandscapeLeft UIInterfaceOrientationLandscapeRight";
				INFOPLIST_KEY_UISupportedInterfaceOrientations_iPhone = "UIInterfaceOrientationPortrait UIInterfaceOrientationLandscapeLeft UIInterfaceOrientationLandscapeRight";
				IPHONEOS_DEPLOYMENT_TARGET = 14.0;
				LD_RUNPATH_SEARCH_PATHS = (
					"$(inherited)",
					"@executable_path/Frameworks",
				);
				MARKETING_VERSION = 1.0;
				PRODUCT_BUNDLE_IDENTIFIER = com.beforeold.ObservationMemoryLeak;
				PRODUCT_NAME = "$(TARGET_NAME)";
				SWIFT_EMIT_LOC_STRINGS = YES;
				SWIFT_VERSION = 5.0;
				TARGETED_DEVICE_FAMILY = "1,2";
			};
			name = Debug;
		};
		BC912BF82BA916E5008EB18B /* Release */ = {
			isa = XCBuildConfiguration;
			buildSettings = {
				ASSETCATALOG_COMPILER_APPICON_NAME = AppIcon;
				ASSETCATALOG_COMPILER_GLOBAL_ACCENT_COLOR_NAME = AccentColor;
				CODE_SIGN_STYLE = Automatic;
				CURRENT_PROJECT_VERSION = 1;
				DEVELOPMENT_ASSET_PATHS = "\"ObservationMemoryLeak/Preview Content\"";
				DEVELOPMENT_TEAM = "";
				ENABLE_PREVIEWS = YES;
				GENERATE_INFOPLIST_FILE = YES;
				INFOPLIST_KEY_UIApplicationSceneManifest_Generation = YES;
				INFOPLIST_KEY_UIApplicationSupportsIndirectInputEvents = YES;
				INFOPLIST_KEY_UILaunchScreen_Generation = YES;
				INFOPLIST_KEY_UISupportedInterfaceOrientations_iPad = "UIInterfaceOrientationPortrait UIInterfaceOrientationPortraitUpsideDown UIInterfaceOrientationLandscapeLeft UIInterfaceOrientationLandscapeRight";
				INFOPLIST_KEY_UISupportedInterfaceOrientations_iPhone = "UIInterfaceOrientationPortrait UIInterfaceOrientationLandscapeLeft UIInterfaceOrientationLandscapeRight";
				IPHONEOS_DEPLOYMENT_TARGET = 14.0;
				LD_RUNPATH_SEARCH_PATHS = (
					"$(inherited)",
					"@executable_path/Frameworks",
				);
				MARKETING_VERSION = 1.0;
				PRODUCT_BUNDLE_IDENTIFIER = com.beforeold.ObservationMemoryLeak;
				PRODUCT_NAME = "$(TARGET_NAME)";
				SWIFT_EMIT_LOC_STRINGS = YES;
				SWIFT_VERSION = 5.0;
				TARGETED_DEVICE_FAMILY = "1,2";
			};
			name = Release;
		};
/* End XCBuildConfiguration section */

/* Begin XCConfigurationList section */
		BC912BE32BA916E4008EB18B /* Build configuration list for PBXProject "ObservationMemoryLeak" */ = {
			isa = XCConfigurationList;
			buildConfigurations = (
				BC912BF42BA916E5008EB18B /* Debug */,
				BC912BF52BA916E5008EB18B /* Release */,
			);
			defaultConfigurationIsVisible = 0;
			defaultConfigurationName = Release;
		};
		BC912BF62BA916E5008EB18B /* Build configuration list for PBXNativeTarget "ObservationMemoryLeak" */ = {
			isa = XCConfigurationList;
			buildConfigurations = (
				BC912BF72BA916E5008EB18B /* Debug */,
				BC912BF82BA916E5008EB18B /* Release */,
			);
			defaultConfigurationIsVisible = 0;
			defaultConfigurationName = Release;
		};
/* End XCConfigurationList section */

/* Begin XCRemoteSwiftPackageReference section */
		BC912BF92BA9174B008EB18B /* XCRemoteSwiftPackageReference "swift-perception" */ = {
			isa = XCRemoteSwiftPackageReference;
			repositoryURL = "git@github.com:pointfreeco/swift-perception.git";
			requirement = {
				kind = exactVersion;
				version = 1.1.2;
			};
		};
/* End XCRemoteSwiftPackageReference section */

/* Begin XCSwiftPackageProductDependency section */
		BC912BFA2BA9174B008EB18B /* Perception */ = {
			isa = XCSwiftPackageProductDependency;
			package = BC912BF92BA9174B008EB18B /* XCRemoteSwiftPackageReference "swift-perception" */;
			productName = Perception;
		};
/* End XCSwiftPackageProductDependency section */
	};
	rootObject = BC912BE02BA916E4008EB18B /* Project object */;
}
